{
  "name": "placeholder-photo-migrate",
  "version": "1.1.0",
  "lockfileVersion": 3,
  "requires": true,
  "packages": {
    "": {
      "name": "placeholder-photo-migrate",
      "version": "1.1.0",
      "license": "MIT",
      "bin": {
        "placeholder-photo-migrate": "bin/placeholder-photo-migrate.js"
      },
      "engines": {
        "node": ">=22.0.0"
      }
    }
  }
}
